
Microsoft Visual Studio Solution File, Format Version 12.00
# Visual Studio 15
VisualStudioVersion = 15.0.28307.421
MinimumVisualStudioVersion = 10.0.40219.1
Project("{9A19103F-16F7-4668-BE54-9A1E7A4F7556}") = "Oidc", "Oidc\Oidc.csproj", "{5C785902-C885-4AA3-8474-ACA93CB77A18}"
EndProject
Project("{2150E333-8FDC-42A3-9474-1A3956D46DE8}") = "Solution Items", "Solution Items", "{EDEAAEE3-ECF6-461F-92E7-B61C40947890}"
	ProjectSection(SolutionItems) = preProject
		.gitignore = .gitignore
		Clarity.Oidc.snk = Clarity.Oidc.snk
		NuGet.Config = NuGet.Config
		README.md = README.md
	EndProjectSection
EndProject
Project("{9A19103F-16F7-4668-BE54-9A1E7A4F7556}") = "Oidc.Entities", "Entities\Oidc.Entities.csproj", "{A9A0376B-943D-479B-B3C7-CAE8D29A3D5B}"
EndProject
Project("{9A19103F-16F7-4668-BE54-9A1E7A4F7556}") = "Oidc.Data", "Data\Oidc.Data.csproj", "{5628121B-3F14-4E7E-9850-2B731019D1F8}"
EndProject
Project("{9A19103F-16F7-4668-BE54-9A1E7A4F7556}") = "Oidc.Entities.Configurations", "Entities.Configurations\Oidc.Entities.Configurations.csproj", "{F279B40D-319B-49F8-B6E3-2FA9CD17550D}"
EndProject
Project("{9A19103F-16F7-4668-BE54-9A1E7A4F7556}") = "Oidc.Extensions", "Extensions\Oidc.Extensions.csproj", "{D9123784-A18A-405F-A10E-64C71F121B7D}"
EndProject
Project("{9A19103F-16F7-4668-BE54-9A1E7A4F7556}") = "Oidc.Interfaces", "Interfaces\Oidc.Interfaces.csproj", "{5F37190F-0231-460A-A558-2B60BBA4D4D8}"
EndProject
Project("{9A19103F-16F7-4668-BE54-9A1E7A4F7556}") = "Oidc.Options", "Options\Oidc.Options.csproj", "{C952EADB-EDBE-46D5-B0D4-5C1A0CE28E6A}"
EndProject
Project("{9A19103F-16F7-4668-BE54-9A1E7A4F7556}") = "Oidc.Services", "Services\Oidc.Services.csproj", "{2FD9691A-0697-4897-A4C5-78983A5699D2}"
EndProject
Project("{9A19103F-16F7-4668-BE54-9A1E7A4F7556}") = "Oidc.Models", "Models\Oidc.Models.csproj", "{24179F32-345C-45CB-B8CE-006BCA5B46F1}"
EndProject
Project("{9A19103F-16F7-4668-BE54-9A1E7A4F7556}") = "Oidc.Controllers", "Controllers\Oidc.Controllers.csproj", "{448923F8-83C9-4400-9A91-050DE7338403}"
EndProject
Project("{9A19103F-16F7-4668-BE54-9A1E7A4F7556}") = "Oidc.Pages", "Pages\Oidc.Pages.csproj", "{30507D86-D948-4437-8B08-A830423D7CE7}"
EndProject
Project("{9A19103F-16F7-4668-BE54-9A1E7A4F7556}") = "Oidc.Pages.Tests", "Pages.Tests\Oidc.Pages.Tests.csproj", "{D56BA6F4-3C15-42B9-9617-9830565B8860}"
EndProject
Global
	GlobalSection(SolutionConfigurationPlatforms) = preSolution
		Debug|Any CPU = Debug|Any CPU
		Release|Any CPU = Release|Any CPU
	EndGlobalSection
	GlobalSection(ProjectConfigurationPlatforms) = postSolution
		{5C785902-C885-4AA3-8474-ACA93CB77A18}.Debug|Any CPU.ActiveCfg = Debug|Any CPU
		{5C785902-C885-4AA3-8474-ACA93CB77A18}.Debug|Any CPU.Build.0 = Debug|Any CPU
		{5C785902-C885-4AA3-8474-ACA93CB77A18}.Release|Any CPU.ActiveCfg = Release|Any CPU
		{5C785902-C885-4AA3-8474-ACA93CB77A18}.Release|Any CPU.Build.0 = Release|Any CPU
		{A9A0376B-943D-479B-B3C7-CAE8D29A3D5B}.Debug|Any CPU.ActiveCfg = Debug|Any CPU
		{A9A0376B-943D-479B-B3C7-CAE8D29A3D5B}.Debug|Any CPU.Build.0 = Debug|Any CPU
		{A9A0376B-943D-479B-B3C7-CAE8D29A3D5B}.Release|Any CPU.ActiveCfg = Release|Any CPU
		{A9A0376B-943D-479B-B3C7-CAE8D29A3D5B}.Release|Any CPU.Build.0 = Release|Any CPU
		{5628121B-3F14-4E7E-9850-2B731019D1F8}.Debug|Any CPU.ActiveCfg = Debug|Any CPU
		{5628121B-3F14-4E7E-9850-2B731019D1F8}.Debug|Any CPU.Build.0 = Debug|Any CPU
		{5628121B-3F14-4E7E-9850-2B731019D1F8}.Release|Any CPU.ActiveCfg = Release|Any CPU
		{5628121B-3F14-4E7E-9850-2B731019D1F8}.Release|Any CPU.Build.0 = Release|Any CPU
		{F279B40D-319B-49F8-B6E3-2FA9CD17550D}.Debug|Any CPU.ActiveCfg = Debug|Any CPU
		{F279B40D-319B-49F8-B6E3-2FA9CD17550D}.Debug|Any CPU.Build.0 = Debug|Any CPU
		{F279B40D-319B-49F8-B6E3-2FA9CD17550D}.Release|Any CPU.ActiveCfg = Release|Any CPU
		{F279B40D-319B-49F8-B6E3-2FA9CD17550D}.Release|Any CPU.Build.0 = Release|Any CPU
		{D9123784-A18A-405F-A10E-64C71F121B7D}.Debug|Any CPU.ActiveCfg = Debug|Any CPU
		{D9123784-A18A-405F-A10E-64C71F121B7D}.Debug|Any CPU.Build.0 = Debug|Any CPU
		{D9123784-A18A-405F-A10E-64C71F121B7D}.Release|Any CPU.ActiveCfg = Release|Any CPU
		{D9123784-A18A-405F-A10E-64C71F121B7D}.Release|Any CPU.Build.0 = Release|Any CPU
		{5F37190F-0231-460A-A558-2B60BBA4D4D8}.Debug|Any CPU.ActiveCfg = Debug|Any CPU
		{5F37190F-0231-460A-A558-2B60BBA4D4D8}.Debug|Any CPU.Build.0 = Debug|Any CPU
		{5F37190F-0231-460A-A558-2B60BBA4D4D8}.Release|Any CPU.ActiveCfg = Release|Any CPU
		{5F37190F-0231-460A-A558-2B60BBA4D4D8}.Release|Any CPU.Build.0 = Release|Any CPU
		{C952EADB-EDBE-46D5-B0D4-5C1A0CE28E6A}.Debug|Any CPU.ActiveCfg = Debug|Any CPU
		{C952EADB-EDBE-46D5-B0D4-5C1A0CE28E6A}.Debug|Any CPU.Build.0 = Debug|Any CPU
		{C952EADB-EDBE-46D5-B0D4-5C1A0CE28E6A}.Release|Any CPU.ActiveCfg = Release|Any CPU
		{C952EADB-EDBE-46D5-B0D4-5C1A0CE28E6A}.Release|Any CPU.Build.0 = Release|Any CPU
		{2FD9691A-0697-4897-A4C5-78983A5699D2}.Debug|Any CPU.ActiveCfg = Debug|Any CPU
		{2FD9691A-0697-4897-A4C5-78983A5699D2}.Debug|Any CPU.Build.0 = Debug|Any CPU
		{2FD9691A-0697-4897-A4C5-78983A5699D2}.Release|Any CPU.ActiveCfg = Release|Any CPU
		{2FD9691A-0697-4897-A4C5-78983A5699D2}.Release|Any CPU.Build.0 = Release|Any CPU
		{24179F32-345C-45CB-B8CE-006BCA5B46F1}.Debug|Any CPU.ActiveCfg = Debug|Any CPU
		{24179F32-345C-45CB-B8CE-006BCA5B46F1}.Debug|Any CPU.Build.0 = Debug|Any CPU
		{24179F32-345C-45CB-B8CE-006BCA5B46F1}.Release|Any CPU.ActiveCfg = Release|Any CPU
		{24179F32-345C-45CB-B8CE-006BCA5B46F1}.Release|Any CPU.Build.0 = Release|Any CPU
		{448923F8-83C9-4400-9A91-050DE7338403}.Debug|Any CPU.ActiveCfg = Debug|Any CPU
		{448923F8-83C9-4400-9A91-050DE7338403}.Debug|Any CPU.Build.0 = Debug|Any CPU
		{448923F8-83C9-4400-9A91-050DE7338403}.Release|Any CPU.ActiveCfg = Release|Any CPU
		{448923F8-83C9-4400-9A91-050DE7338403}.Release|Any CPU.Build.0 = Release|Any CPU
		{30507D86-D948-4437-8B08-A830423D7CE7}.Debug|Any CPU.ActiveCfg = Debug|Any CPU
		{30507D86-D948-4437-8B08-A830423D7CE7}.Debug|Any CPU.Build.0 = Debug|Any CPU
		{30507D86-D948-4437-8B08-A830423D7CE7}.Release|Any CPU.ActiveCfg = Release|Any CPU
		{30507D86-D948-4437-8B08-A830423D7CE7}.Release|Any CPU.Build.0 = Release|Any CPU
		{D56BA6F4-3C15-42B9-9617-9830565B8860}.Debug|Any CPU.ActiveCfg = Debug|Any CPU
		{D56BA6F4-3C15-42B9-9617-9830565B8860}.Debug|Any CPU.Build.0 = Debug|Any CPU
		{D56BA6F4-3C15-42B9-9617-9830565B8860}.Release|Any CPU.ActiveCfg = Release|Any CPU
		{D56BA6F4-3C15-42B9-9617-9830565B8860}.Release|Any CPU.Build.0 = Release|Any CPU
	EndGlobalSection
	GlobalSection(SolutionProperties) = preSolution
		HideSolutionNode = FALSE
	EndGlobalSection
	GlobalSection(ExtensibilityGlobals) = postSolution
		SolutionGuid = {75CFB888-3A1A-454C-823C-4368A803FBAD}
	EndGlobalSection
EndGlobal
